
Microsoft Visual Studio Solution File, Format Version 12.00
# Visual Studio Version 17
VisualStudioVersion = 17.14.36109.1
MinimumVisualStudioVersion = 10.0.40219.1
Project("{FAE04EC0-301F-11D3-BF4B-00C04F79EFBC}") = "CKMSDotNetTraining.ConsoleApp", "CKMSDotNetTraining.ConsoleApp\CKMSDotNetTraining.ConsoleApp.csproj", "{AF8A5884-F42D-4EDF-AE06-3FFA42298D61}"
EndProject
Project("{2150E333-8FDC-42A3-9474-1A3956D46DE8}") = "Documents", "Documents", "{02EA681E-C7D8-13C7-8484-4AC65E1B71E8}"
	ProjectSection(SolutionItems) = preProject
		README.md = README.md
	EndProjectSection
EndProject
Project("{FAE04EC0-301F-11D3-BF4B-00C04F79EFBC}") = "CKMSDotNetTraining.Database", "CKMSDotNetTraining.Database\CKMSDotNetTraining.Database.csproj", "{05E57C29-0ECB-46B8-85BC-79E336C862FB}"
EndProject
Project("{FAE04EC0-301F-11D3-BF4B-00C04F79EFBC}") = "CKMSDotNetTraining.ConsoleApp2", "CKMSDotNetTraining.ConsoleApp2\CKMSDotNetTraining.ConsoleApp2.csproj", "{4B31186E-8187-4B08-91A9-B32E80096458}"
EndProject
Project("{FAE04EC0-301F-11D3-BF4B-00C04F79EFBC}") = "CKMSDotNetTraining.RestApi", "CKMSDotNetTraining.RestApi\CKMSDotNetTraining.RestApi.csproj", "{F6E49024-ECEA-4A21-81E4-9F4E5D3F77D6}"
EndProject
Project("{FAE04EC0-301F-11D3-BF4B-00C04F79EFBC}") = "CKMSDotNetTraining.Shared", "CKMSDotNetTraining.Shared\CKMSDotNetTraining.Shared.csproj", "{2A225EFC-62F1-466F-9911-0B309641260F}"
EndProject
Project("{FAE04EC0-301F-11D3-BF4B-00C04F79EFBC}") = "CKMSDotNetTraining.MinimalApi", "CKMSDotNetTraining.MinimalApi\CKMSDotNetTraining.MinimalApi.csproj", "{1BC75179-75D0-40D6-9C8E-7114311EA938}"
EndProject
Project("{FAE04EC0-301F-11D3-BF4B-00C04F79EFBC}") = "CKMSDotNetTraining.BirdMinimalApi", "CKMSDotNetTraining.BirdMinimalApi\CKMSDotNetTraining.BirdMinimalApi.csproj", "{AB2910E2-57B2-4ED1-8D4B-78FEE017CF1C}"
EndProject
Project("{FAE04EC0-301F-11D3-BF4B-00C04F79EFBC}") = "CKMSDotNetTraining.BlogMininalApi", "CKMSDotNetTraining.BlogMininalApi\CKMSDotNetTraining.BlogMininalApi.csproj", "{A8EB4EB8-E161-47B1-BEBF-E04BFF7C408D}"
EndProject
Project("{FAE04EC0-301F-11D3-BF4B-00C04F79EFBC}") = "CKMSDotNetTraining.ConsoleApp3", "CKMSDotNetTraining.ConsoleApp3\CKMSDotNetTraining.ConsoleApp3.csproj", "{69FB0BFE-0B70-415F-A43F-4AB3CDE48FE3}"
EndProject
Global
	GlobalSection(SolutionConfigurationPlatforms) = preSolution
		Debug|Any CPU = Debug|Any CPU
		Release|Any CPU = Release|Any CPU
	EndGlobalSection
	GlobalSection(ProjectConfigurationPlatforms) = postSolution
		{AF8A5884-F42D-4EDF-AE06-3FFA42298D61}.Debug|Any CPU.ActiveCfg = Debug|Any CPU
		{AF8A5884-F42D-4EDF-AE06-3FFA42298D61}.Debug|Any CPU.Build.0 = Debug|Any CPU
		{AF8A5884-F42D-4EDF-AE06-3FFA42298D61}.Release|Any CPU.ActiveCfg = Release|Any CPU
		{AF8A5884-F42D-4EDF-AE06-3FFA42298D61}.Release|Any CPU.Build.0 = Release|Any CPU
		{05E57C29-0ECB-46B8-85BC-79E336C862FB}.Debug|Any CPU.ActiveCfg = Debug|Any CPU
		{05E57C29-0ECB-46B8-85BC-79E336C862FB}.Debug|Any CPU.Build.0 = Debug|Any CPU
		{05E57C29-0ECB-46B8-85BC-79E336C862FB}.Release|Any CPU.ActiveCfg = Release|Any CPU
		{05E57C29-0ECB-46B8-85BC-79E336C862FB}.Release|Any CPU.Build.0 = Release|Any CPU
		{4B31186E-8187-4B08-91A9-B32E80096458}.Debug|Any CPU.ActiveCfg = Debug|Any CPU
		{4B31186E-8187-4B08-91A9-B32E80096458}.Debug|Any CPU.Build.0 = Debug|Any CPU
		{4B31186E-8187-4B08-91A9-B32E80096458}.Release|Any CPU.ActiveCfg = Release|Any CPU
		{4B31186E-8187-4B08-91A9-B32E80096458}.Release|Any CPU.Build.0 = Release|Any CPU
		{F6E49024-ECEA-4A21-81E4-9F4E5D3F77D6}.Debug|Any CPU.ActiveCfg = Debug|Any CPU
		{F6E49024-ECEA-4A21-81E4-9F4E5D3F77D6}.Debug|Any CPU.Build.0 = Debug|Any CPU
		{F6E49024-ECEA-4A21-81E4-9F4E5D3F77D6}.Release|Any CPU.ActiveCfg = Release|Any CPU
		{F6E49024-ECEA-4A21-81E4-9F4E5D3F77D6}.Release|Any CPU.Build.0 = Release|Any CPU
		{2A225EFC-62F1-466F-9911-0B309641260F}.Debug|Any CPU.ActiveCfg = Debug|Any CPU
		{2A225EFC-62F1-466F-9911-0B309641260F}.Debug|Any CPU.Build.0 = Debug|Any CPU
		{2A225EFC-62F1-466F-9911-0B309641260F}.Release|Any CPU.ActiveCfg = Release|Any CPU
		{2A225EFC-62F1-466F-9911-0B309641260F}.Release|Any CPU.Build.0 = Release|Any CPU
		{1BC75179-75D0-40D6-9C8E-7114311EA938}.Debug|Any CPU.ActiveCfg = Debug|Any CPU
		{1BC75179-75D0-40D6-9C8E-7114311EA938}.Debug|Any CPU.Build.0 = Debug|Any CPU
		{1BC75179-75D0-40D6-9C8E-7114311EA938}.Release|Any CPU.ActiveCfg = Release|Any CPU
		{1BC75179-75D0-40D6-9C8E-7114311EA938}.Release|Any CPU.Build.0 = Release|Any CPU
		{AB2910E2-57B2-4ED1-8D4B-78FEE017CF1C}.Debug|Any CPU.ActiveCfg = Debug|Any CPU
		{AB2910E2-57B2-4ED1-8D4B-78FEE017CF1C}.Debug|Any CPU.Build.0 = Debug|Any CPU
		{AB2910E2-57B2-4ED1-8D4B-78FEE017CF1C}.Release|Any CPU.ActiveCfg = Release|Any CPU
		{AB2910E2-57B2-4ED1-8D4B-78FEE017CF1C}.Release|Any CPU.Build.0 = Release|Any CPU
		{A8EB4EB8-E161-47B1-BEBF-E04BFF7C408D}.Debug|Any CPU.ActiveCfg = Debug|Any CPU
		{A8EB4EB8-E161-47B1-BEBF-E04BFF7C408D}.Debug|Any CPU.Build.0 = Debug|Any CPU
		{A8EB4EB8-E161-47B1-BEBF-E04BFF7C408D}.Release|Any CPU.ActiveCfg = Release|Any CPU
		{A8EB4EB8-E161-47B1-BEBF-E04BFF7C408D}.Release|Any CPU.Build.0 = Release|Any CPU
		{69FB0BFE-0B70-415F-A43F-4AB3CDE48FE3}.Debug|Any CPU.ActiveCfg = Debug|Any CPU
		{69FB0BFE-0B70-415F-A43F-4AB3CDE48FE3}.Debug|Any CPU.Build.0 = Debug|Any CPU
		{69FB0BFE-0B70-415F-A43F-4AB3CDE48FE3}.Release|Any CPU.ActiveCfg = Release|Any CPU
		{69FB0BFE-0B70-415F-A43F-4AB3CDE48FE3}.Release|Any CPU.Build.0 = Release|Any CPU
	EndGlobalSection
	GlobalSection(SolutionProperties) = preSolution
		HideSolutionNode = FALSE
	EndGlobalSection
	GlobalSection(ExtensibilityGlobals) = postSolution
		SolutionGuid = {4E876566-9820-4965-B7F6-ABFAB274D442}
	EndGlobalSection
EndGlobal
